
Microsoft Visual Studio Solution File, Format Version 12.00
# Visual Studio 15
VisualStudioVersion = 15.0.28307.1062
MinimumVisualStudioVersion = 10.0.40219.1
Project("{FAE04EC0-301F-11D3-BF4B-00C04F79EFBC}") = "Checkers", "Checkers\Checkers.csproj", "{D3482183-D3AD-4276-A356-F9DE1B488424}"
EndProject
Global
	GlobalSection(SolutionConfigurationPlatforms) = preSolution
		Debug|Any CPU = Debug|Any CPU
		Release|Any CPU = Release|Any CPU
	EndGlobalSection
	GlobalSection(ProjectConfigurationPlatforms) = postSolution
		{D3482183-D3AD-4276-A356-F9DE1B488424}.Debug|Any CPU.ActiveCfg = Debug|Any CPU
		{D3482183-D3AD-4276-A356-F9DE1B488424}.Debug|Any CPU.Build.0 = Debug|Any CPU
		{D3482183-D3AD-4276-A356-F9DE1B488424}.Release|Any CPU.ActiveCfg = Release|Any CPU
		{D3482183-D3AD-4276-A356-F9DE1B488424}.Release|Any CPU.Build.0 = Release|Any CPU
	EndGlobalSection
	GlobalSection(SolutionProperties) = preSolution
		HideSolutionNode = FALSE
	EndGlobalSection
	GlobalSection(ExtensibilityGlobals) = postSolution
		SolutionGuid = {E03AF817-777D-427A-B80C-C7C107DD9612}
	EndGlobalSection
EndGlobal
